
Microsoft Visual Studio Solution File, Format Version 12.00
# Visual Studio Version 16
VisualStudioVersion = 16.0.31105.61
MinimumVisualStudioVersion = 10.0.40219.1
Project("{FAE04EC0-301F-11D3-BF4B-00C04F79EFBC}") = "Bai_06_HDT", "Bai_06_HDT\Bai_06_HDT.csproj", "{A44FDECE-9547-4E23-99A1-8159800A4CEB}"
EndProject
Global
	GlobalSection(SolutionConfigurationPlatforms) = preSolution
		Debug|Any CPU = Debug|Any CPU
		Release|Any CPU = Release|Any CPU
	EndGlobalSection
	GlobalSection(ProjectConfigurationPlatforms) = postSolution
		{A44FDECE-9547-4E23-99A1-8159800A4CEB}.Debug|Any CPU.ActiveCfg = Debug|Any CPU
		{A44FDECE-9547-4E23-99A1-8159800A4CEB}.Debug|Any CPU.Build.0 = Debug|Any CPU
		{A44FDECE-9547-4E23-99A1-8159800A4CEB}.Release|Any CPU.ActiveCfg = Release|Any CPU
		{A44FDECE-9547-4E23-99A1-8159800A4CEB}.Release|Any CPU.Build.0 = Release|Any CPU
	EndGlobalSection
	GlobalSection(SolutionProperties) = preSolution
		HideSolutionNode = FALSE
	EndGlobalSection
	GlobalSection(ExtensibilityGlobals) = postSolution
		SolutionGuid = {FB204E20-2703-4FED-9E07-311137E11B3B}
	EndGlobalSection
EndGlobal
