
Microsoft Visual Studio Solution File, Format Version 12.00
# Visual Studio Version 16
VisualStudioVersion = 16.0.31105.61
MinimumVisualStudioVersion = 10.0.40219.1
Project("{FAE04EC0-301F-11D3-BF4B-00C04F79EFBC}") = "LAB_01", "LAB_01\LAB_01.csproj", "{80FD2C81-6C13-4870-8BB3-286EF18E552F}"
EndProject
Global
	GlobalSection(SolutionConfigurationPlatforms) = preSolution
		Debug|Any CPU = Debug|Any CPU
		Release|Any CPU = Release|Any CPU
	EndGlobalSection
	GlobalSection(ProjectConfigurationPlatforms) = postSolution
		{80FD2C81-6C13-4870-8BB3-286EF18E552F}.Debug|Any CPU.ActiveCfg = Debug|Any CPU
		{80FD2C81-6C13-4870-8BB3-286EF18E552F}.Debug|Any CPU.Build.0 = Debug|Any CPU
		{80FD2C81-6C13-4870-8BB3-286EF18E552F}.Release|Any CPU.ActiveCfg = Release|Any CPU
		{80FD2C81-6C13-4870-8BB3-286EF18E552F}.Release|Any CPU.Build.0 = Release|Any CPU
	EndGlobalSection
	GlobalSection(SolutionProperties) = preSolution
		HideSolutionNode = FALSE
	EndGlobalSection
	GlobalSection(ExtensibilityGlobals) = postSolution
		SolutionGuid = {067558CE-4EFA-4F41-B826-B1445D326D31}
	EndGlobalSection
EndGlobal
