
Microsoft Visual Studio Solution File, Format Version 12.00
# Visual Studio Version 16
VisualStudioVersion = 16.0.31105.61
MinimumVisualStudioVersion = 10.0.40219.1
Project("{FAE04EC0-301F-11D3-BF4B-00C04F79EFBC}") = "Bai4_java-c_shap", "Bai4_java-c_shap\Bai4_java-c_shap.csproj", "{987E57ED-43A4-417F-9139-C56CBA3609E0}"
EndProject
Global
	GlobalSection(SolutionConfigurationPlatforms) = preSolution
		Debug|Any CPU = Debug|Any CPU
		Release|Any CPU = Release|Any CPU
	EndGlobalSection
	GlobalSection(ProjectConfigurationPlatforms) = postSolution
		{987E57ED-43A4-417F-9139-C56CBA3609E0}.Debug|Any CPU.ActiveCfg = Debug|Any CPU
		{987E57ED-43A4-417F-9139-C56CBA3609E0}.Debug|Any CPU.Build.0 = Debug|Any CPU
		{987E57ED-43A4-417F-9139-C56CBA3609E0}.Release|Any CPU.ActiveCfg = Release|Any CPU
		{987E57ED-43A4-417F-9139-C56CBA3609E0}.Release|Any CPU.Build.0 = Release|Any CPU
	EndGlobalSection
	GlobalSection(SolutionProperties) = preSolution
		HideSolutionNode = FALSE
	EndGlobalSection
	GlobalSection(ExtensibilityGlobals) = postSolution
		SolutionGuid = {969B63B9-E739-4785-A6FB-A1B0921D95BC}
	EndGlobalSection
EndGlobal
