
Microsoft Visual Studio Solution File, Format Version 12.00
# Visual Studio Version 16
VisualStudioVersion = 16.0.31105.61
MinimumVisualStudioVersion = 10.0.40219.1
Project("{FAE04EC0-301F-11D3-BF4B-00C04F79EFBC}") = "Bai1_10", "Bai1_10\Bai1_10.csproj", "{31D2B531-BB1B-4125-B9DE-992D58C0FF63}"
EndProject
Global
	GlobalSection(SolutionConfigurationPlatforms) = preSolution
		Debug|Any CPU = Debug|Any CPU
		Release|Any CPU = Release|Any CPU
	EndGlobalSection
	GlobalSection(ProjectConfigurationPlatforms) = postSolution
		{31D2B531-BB1B-4125-B9DE-992D58C0FF63}.Debug|Any CPU.ActiveCfg = Debug|Any CPU
		{31D2B531-BB1B-4125-B9DE-992D58C0FF63}.Debug|Any CPU.Build.0 = Debug|Any CPU
		{31D2B531-BB1B-4125-B9DE-992D58C0FF63}.Release|Any CPU.ActiveCfg = Release|Any CPU
		{31D2B531-BB1B-4125-B9DE-992D58C0FF63}.Release|Any CPU.Build.0 = Release|Any CPU
	EndGlobalSection
	GlobalSection(SolutionProperties) = preSolution
		HideSolutionNode = FALSE
	EndGlobalSection
	GlobalSection(ExtensibilityGlobals) = postSolution
		SolutionGuid = {BC2E2310-26C1-4FFA-8158-76489D158667}
	EndGlobalSection
EndGlobal
